// !$*UTF8*$!
{
	archiveVersion = 1;
	classes = {
	};
	objectVersion = 50;
	objects = {

/* Begin PBXBuildFile section */
		67AB02FF290AF17F008830D6 /* AppDelegate.swift in Sources */ = {isa = PBXBuildFile; fileRef = 67AB02FE290AF17F008830D6 /* AppDelegate.swift */; };
		67AB0301290AF17F008830D6 /* SceneDelegate.swift in Sources */ = {isa = PBXBuildFile; fileRef = 67AB0300290AF17F008830D6 /* SceneDelegate.swift */; };
		67AB0303290AF17F008830D6 /* ViewController.swift in Sources */ = {isa = PBXBuildFile; fileRef = 67AB0302290AF17F008830D6 /* ViewController.swift */; };
		67AB0306290AF17F008830D6 /* Main.storyboard in Resources */ = {isa = PBXBuildFile; fileRef = 67AB0304290AF17F008830D6 /* Main.storyboard */; };
		67AB0308290AF181008830D6 /* Assets.xcassets in Resources */ = {isa = PBXBuildFile; fileRef = 67AB0307290AF181008830D6 /* Assets.xcassets */; };
		67AB030B290AF181008830D6 /* LaunchScreen.storyboard in Resources */ = {isa = PBXBuildFile; fileRef = 67AB0309290AF181008830D6 /* LaunchScreen.storyboard */; };
		67AB0313290AF26D008830D6 /* NetworkManager.swift in Sources */ = {isa = PBXBuildFile; fileRef = 67AB0312290AF26D008830D6 /* NetworkManager.swift */; };
		67AB0315290AF294008830D6 /* UserModel.swift in Sources */ = {isa = PBXBuildFile; fileRef = 67AB0314290AF294008830D6 /* UserModel.swift */; };
/* End PBXBuildFile section */

/* Begin PBXFileReference section */
		67AB02FB290AF17F008830D6 /* SimpleNetwork.app */ = {isa = PBXFileReference; explicitFileType = wrapper.application; includeInIndex = 0; path = SimpleNetwork.app; sourceTree = BUILT_PRODUCTS_DIR; };
		67AB02FE290AF17F008830D6 /* AppDelegate.swift */ = {isa = PBXFileReference; lastKnownFileType = sourcecode.swift; path = AppDelegate.swift; sourceTree = "<group>"; };
		67AB0300290AF17F008830D6 /* SceneDelegate.swift */ = {isa = PBXFileReference; lastKnownFileType = sourcecode.swift; path = SceneDelegate.swift; sourceTree = "<group>"; };
		67AB0302290AF17F008830D6 /* ViewController.swift */ = {isa = PBXFileReference; lastKnownFileType = sourcecode.swift; path = ViewController.swift; sourceTree = "<group>"; };
		67AB0305290AF17F008830D6 /* Base */ = {isa = PBXFileReference; lastKnownFileType = file.storyboard; name = Base; path = Base.lproj/Main.storyboard; sourceTree = "<group>"; };
		67AB0307290AF181008830D6 /* Assets.xcassets */ = {isa = PBXFileReference; lastKnownFileType = folder.assetcatalog; path = Assets.xcassets; sourceTree = "<group>"; };
		67AB030A290AF181008830D6 /* Base */ = {isa = PBXFileReference; lastKnownFileType = file.storyboard; name = Base; path = Base.lproj/LaunchScreen.storyboard; sourceTree = "<group>"; };
		67AB030C290AF181008830D6 /* Info.plist */ = {isa = PBXFileReference; lastKnownFileType = text.plist.xml; path = Info.plist; sourceTree = "<group>"; };
		67AB0312290AF26D008830D6 /* NetworkManager.swift */ = {isa = PBXFileReference; lastKnownFileType = sourcecode.swift; path = NetworkManager.swift; sourceTree = "<group>"; };
		67AB0314290AF294008830D6 /* UserModel.swift */ = {isa = PBXFileReference; lastKnownFileType = sourcecode.swift; path = UserModel.swift; sourceTree = "<group>"; };
/* End PBXFileReference section */

/* Begin PBXFrameworksBuildPhase section */
		67AB02F8290AF17F008830D6 /* Frameworks */ = {
			isa = PBXFrameworksBuildPhase;
			buildActionMask = 2147483647;
			files = (
			);
			runOnlyForDeploymentPostprocessing = 0;
		};
/* End PBXFrameworksBuildPhase section */

/* Begin PBXGroup section */
		67AB02F2290AF17F008830D6 = {
			isa = PBXGroup;
			children = (
				67AB02FD290AF17F008830D6 /* SimpleNetwork */,
				67AB02FC290AF17F008830D6 /* Products */,
			);
			sourceTree = "<group>";
		};
		67AB02FC290AF17F008830D6 /* Products */ = {
			isa = PBXGroup;
			children = (
				67AB02FB290AF17F008830D6 /* SimpleNetwork.app */,
			);
			name = Products;
			sourceTree = "<group>";
		};
		67AB02FD290AF17F008830D6 /* SimpleNetwork */ = {
			isa = PBXGroup;
			children = (
				67AB02FE290AF17F008830D6 /* AppDelegate.swift */,
				67AB0300290AF17F008830D6 /* SceneDelegate.swift */,
				67AB0302290AF17F008830D6 /* ViewController.swift */,
				67AB0304290AF17F008830D6 /* Main.storyboard */,
				67AB0307290AF181008830D6 /* Assets.xcassets */,
				67AB0309290AF181008830D6 /* LaunchScreen.storyboard */,
				67AB030C290AF181008830D6 /* Info.plist */,
				67AB0312290AF26D008830D6 /* NetworkManager.swift */,
				67AB0314290AF294008830D6 /* UserModel.swift */,
			);
			path = SimpleNetwork;
			sourceTree = "<group>";
		};
/* End PBXGroup section */

/* Begin PBXNativeTarget section */
		67AB02FA290AF17F008830D6 /* SimpleNetwork */ = {
			isa = PBXNativeTarget;
			buildConfigurationList = 67AB030F290AF181008830D6 /* Build configuration list for PBXNativeTarget "SimpleNetwork" */;
			buildPhases = (
				67AB02F7290AF17F008830D6 /* Sources */,
				67AB02F8290AF17F008830D6 /* Frameworks */,
				67AB02F9290AF17F008830D6 /* Resources */,
			);
			buildRules = (
			);
			dependencies = (
			);
			name = SimpleNetwork;
			productName = SimpleNetwork;
			productReference = 67AB02FB290AF17F008830D6 /* SimpleNetwork.app */;
			productType = "com.apple.product-type.application";
		};
/* End PBXNativeTarget section */

/* Begin PBXProject section */
		67AB02F3290AF17F008830D6 /* Project object */ = {
			isa = PBXProject;
			attributes = {
				LastSwiftUpdateCheck = 1130;
				LastUpgradeCheck = 1130;
				ORGANIZATIONNAME = Evgen;
				TargetAttributes = {
					67AB02FA290AF17F008830D6 = {
						CreatedOnToolsVersion = 11.3.1;
					};
				};
			};
			buildConfigurationList = 67AB02F6290AF17F008830D6 /* Build configuration list for PBXProject "SimpleNetwork" */;
			compatibilityVersion = "Xcode 9.3";
			developmentRegion = en;
			hasScannedForEncodings = 0;
			knownRegions = (
				en,
				Base,
			);
			mainGroup = 67AB02F2290AF17F008830D6;
			productRefGroup = 67AB02FC290AF17F008830D6 /* Products */;
			projectDirPath = "";
			projectRoot = "";
			targets = (
				67AB02FA290AF17F008830D6 /* SimpleNetwork */,
			);
		};
/* End PBXProject section */

/* Begin PBXResourcesBuildPhase section */
		67AB02F9290AF17F008830D6 /* Resources */ = {
			isa = PBXResourcesBuildPhase;
			buildActionMask = 2147483647;
			files = (
				67AB030B290AF181008830D6 /* LaunchScreen.storyboard in Resources */,
				67AB0308290AF181008830D6 /* Assets.xcassets in Resources */,
				67AB0306290AF17F008830D6 /* Main.storyboard in Resources */,
			);
			runOnlyForDeploymentPostprocessing = 0;
		};
/* End PBXResourcesBuildPhase section */

/* Begin PBXSourcesBuildPhase section */
		67AB02F7290AF17F008830D6 /* Sources */ = {
			isa = PBXSourcesBuildPhase;
			buildActionMask = 2147483647;
			files = (
				67AB0313290AF26D008830D6 /* NetworkManager.swift in Sources */,
				67AB0303290AF17F008830D6 /* ViewController.swift in Sources */,
				67AB02FF290AF17F008830D6 /* AppDelegate.swift in Sources */,
				67AB0315290AF294008830D6 /* UserModel.swift in Sources */,
				67AB0301290AF17F008830D6 /* SceneDelegate.swift in Sources */,
			);
			runOnlyForDeploymentPostprocessing = 0;
		};
/* End PBXSourcesBuildPhase section */

/* Begin PBXVariantGroup section */
		67AB0304290AF17F008830D6 /* Main.storyboard */ = {
			isa = PBXVariantGroup;
			children = (
				67AB0305290AF17F008830D6 /* Base */,
			);
			name = Main.storyboard;
			sourceTree = "<group>";
		};
		67AB0309290AF181008830D6 /* LaunchScreen.storyboard */ = {
			isa = PBXVariantGroup;
			children = (
				67AB030A290AF181008830D6 /* Base */,
			);
			name = LaunchScreen.storyboard;
			sourceTree = "<group>";
		};
/* End PBXVariantGroup section */

/* Begin XCBuildConfiguration section */
		67AB030D290AF181008830D6 /* Debug */ = {
			isa = XCBuildConfiguration;
			buildSettings = {
				ALWAYS_SEARCH_USER_PATHS = NO;
				CLANG_ANALYZER_NONNULL = YES;
				CLANG_ANALYZER_NUMBER_OBJECT_CONVERSION = YES_AGGRESSIVE;
				CLANG_CXX_LANGUAGE_STANDARD = "gnu++14";
				CLANG_CXX_LIBRARY = "libc++";
				CLANG_ENABLE_MODULES = YES;
				CLANG_ENABLE_OBJC_ARC = YES;
				CLANG_ENABLE_OBJC_WEAK = YES;
				CLANG_WARN_BLOCK_CAPTURE_AUTORELEASING = YES;
				CLANG_WARN_BOOL_CONVERSION = YES;
				CLANG_WARN_COMMA = YES;
				CLANG_WARN_CONSTANT_CONVERSION = YES;
				CLANG_WARN_DEPRECATED_OBJC_IMPLEMENTATIONS = YES;
				CLANG_WARN_DIRECT_OBJC_ISA_USAGE = YES_ERROR;
				CLANG_WARN_DOCUMENTATION_COMMENTS = YES;
				CLANG_WARN_EMPTY_BODY = YES;
				CLANG_WARN_ENUM_CONVERSION = YES;
				CLANG_WARN_INFINITE_RECURSION = YES;
				CLANG_WARN_INT_CONVERSION = YES;
				CLANG_WARN_NON_LITERAL_NULL_CONVERSION = YES;
				CLANG_WARN_OBJC_IMPLICIT_RETAIN_SELF = YES;
				CLANG_WARN_OBJC_LITERAL_CONVERSION = YES;
				CLANG_WARN_OBJC_ROOT_CLASS = YES_ERROR;
				CLANG_WARN_RANGE_LOOP_ANALYSIS = YES;
				CLANG_WARN_STRICT_PROTOTYPES = YES;
				CLANG_WARN_SUSPICIOUS_MOVE = YES;
				CLANG_WARN_UNGUARDED_AVAILABILITY = YES_AGGRESSIVE;
				CLANG_WARN_UNREACHABLE_CODE = YES;
				CLANG_WARN__DUPLICATE_METHOD_MATCH = YES;
				COPY_PHASE_STRIP = NO;
				DEBUG_INFORMATION_FORMAT = dwarf;
				ENABLE_STRICT_OBJC_MSGSEND = YES;
				ENABLE_TESTABILITY = YES;
				GCC_C_LANGUAGE_STANDARD = gnu11;
				GCC_DYNAMIC_NO_PIC = NO;
				GCC_NO_COMMON_BLOCKS = YES;
				GCC_OPTIMIZATION_LEVEL = 0;
				GCC_PREPROCESSOR_DEFINITIONS = (
					"DEBUG=1",
					"$(inherited)",
				);
				GCC_WARN_64_TO_32_BIT_CONVERSION = YES;
				GCC_WARN_ABOUT_RETURN_TYPE = YES_ERROR;
				GCC_WARN_UNDECLARED_SELECTOR = YES;
				GCC_WARN_UNINITIALIZED_AUTOS = YES_AGGRESSIVE;
				GCC_WARN_UNUSED_FUNCTION = YES;
				GCC_WARN_UNUSED_VARIABLE = YES;
				IPHONEOS_DEPLOYMENT_TARGET = 13.2;
				MTL_ENABLE_DEBUG_INFO = INCLUDE_SOURCE;
				MTL_FAST_MATH = YES;
				ONLY_ACTIVE_ARCH = YES;
				SDKROOT = iphoneos;
				SWIFT_ACTIVE_COMPILATION_CONDITIONS = DEBUG;
				SWIFT_OPTIMIZATION_LEVEL = "-Onone";
			};
			name = Debug;
		};
		67AB030E290AF181008830D6 /* Release */ = {
			isa = XCBuildConfiguration;
			buildSettings = {
				ALWAYS_SEARCH_USER_PATHS = NO;
				CLANG_ANALYZER_NONNULL = YES;
				CLANG_ANALYZER_NUMBER_OBJECT_CONVERSION = YES_AGGRESSIVE;
				CLANG_CXX_LANGUAGE_STANDARD = "gnu++14";
				CLANG_CXX_LIBRARY = "libc++";
				CLANG_ENABLE_MODULES = YES;
				CLANG_ENABLE_OBJC_ARC = YES;
				CLANG_ENABLE_OBJC_WEAK = YES;
				CLANG_WARN_BLOCK_CAPTURE_AUTORELEASING = YES;
				CLANG_WARN_BOOL_CONVERSION = YES;
				CLANG_WARN_COMMA = YES;
				CLANG_WARN_CONSTANT_CONVERSION = YES;
				CLANG_WARN_DEPRECATED_OBJC_IMPLEMENTATIONS = YES;
				CLANG_WARN_DIRECT_OBJC_ISA_USAGE = YES_ERROR;
				CLANG_WARN_DOCUMENTATION_COMMENTS = YES;
				CLANG_WARN_EMPTY_BODY = YES;
				CLANG_WARN_ENUM_CONVERSION = YES;
				CLANG_WARN_INFINITE_RECURSION = YES;
				CLANG_WARN_INT_CONVERSION = YES;
				CLANG_WARN_NON_LITERAL_NULL_CONVERSION = YES;
				CLANG_WARN_OBJC_IMPLICIT_RETAIN_SELF = YES;
				CLANG_WARN_OBJC_LITERAL_CONVERSION = YES;
				CLANG_WARN_OBJC_ROOT_CLASS = YES_ERROR;
				CLANG_WARN_RANGE_LOOP_ANALYSIS = YES;
				CLANG_WARN_STRICT_PROTOTYPES = YES;
				CLANG_WARN_SUSPICIOUS_MOVE = YES;
				CLANG_WARN_UNGUARDED_AVAILABILITY = YES_AGGRESSIVE;
				CLANG_WARN_UNREACHABLE_CODE = YES;
				CLANG_WARN__DUPLICATE_METHOD_MATCH = YES;
				COPY_PHASE_STRIP = NO;
				DEBUG_INFORMATION_FORMAT = "dwarf-with-dsym";
				ENABLE_NS_ASSERTIONS = NO;
				ENABLE_STRICT_OBJC_MSGSEND = YES;
				GCC_C_LANGUAGE_STANDARD = gnu11;
				GCC_NO_COMMON_BLOCKS = YES;
				GCC_WARN_64_TO_32_BIT_CONVERSION = YES;
				GCC_WARN_ABOUT_RETURN_TYPE = YES_ERROR;
				GCC_WARN_UNDECLARED_SELECTOR = YES;
				GCC_WARN_UNINITIALIZED_AUTOS = YES_AGGRESSIVE;
				GCC_WARN_UNUSED_FUNCTION = YES;
				GCC_WARN_UNUSED_VARIABLE = YES;
				IPHONEOS_DEPLOYMENT_TARGET = 13.2;
				MTL_ENABLE_DEBUG_INFO = NO;
				MTL_FAST_MATH = YES;
				SDKROOT = iphoneos;
				SWIFT_COMPILATION_MODE = wholemodule;
				SWIFT_OPTIMIZATION_LEVEL = "-O";
				VALIDATE_PRODUCT = YES;
			};
			name = Release;
		};
		67AB0310290AF181008830D6 /* Debug */ = {
			isa = XCBuildConfiguration;
			buildSettings = {
				ASSETCATALOG_COMPILER_APPICON_NAME = AppIcon;
				CODE_SIGN_STYLE = Automatic;
				INFOPLIST_FILE = SimpleNetwork/Info.plist;
				LD_RUNPATH_SEARCH_PATHS = (
					"$(inherited)",
					"@executable_path/Frameworks",
				);
				PRODUCT_BUNDLE_IDENTIFIER = Zhu.SimpleNetwork;
				PRODUCT_NAME = "$(TARGET_NAME)";
				SWIFT_VERSION = 5.0;
				TARGETED_DEVICE_FAMILY = 1;
			};
			name = Debug;
		};
		67AB0311290AF181008830D6 /* Release */ = {
			isa = XCBuildConfiguration;
			buildSettings = {
				ASSETCATALOG_COMPILER_APPICON_NAME = AppIcon;
				CODE_SIGN_STYLE = Automatic;
				INFOPLIST_FILE = SimpleNetwork/Info.plist;
				LD_RUNPATH_SEARCH_PATHS = (
					"$(inherited)",
					"@executable_path/Frameworks",
				);
				PRODUCT_BUNDLE_IDENTIFIER = Zhu.SimpleNetwork;
				PRODUCT_NAME = "$(TARGET_NAME)";
				SWIFT_VERSION = 5.0;
				TARGETED_DEVICE_FAMILY = 1;
			};
			name = Release;
		};
/* End XCBuildConfiguration section */

/* Begin XCConfigurationList section */
		67AB02F6290AF17F008830D6 /* Build configuration list for PBXProject "SimpleNetwork" */ = {
			isa = XCConfigurationList;
			buildConfigurations = (
				67AB030D290AF181008830D6 /* Debug */,
				67AB030E290AF181008830D6 /* Release */,
			);
			defaultConfigurationIsVisible = 0;
			defaultConfigurationName = Release;
		};
		67AB030F290AF181008830D6 /* Build configuration list for PBXNativeTarget "SimpleNetwork" */ = {
			isa = XCConfigurationList;
			buildConfigurations = (
				67AB0310290AF181008830D6 /* Debug */,
				67AB0311290AF181008830D6 /* Release */,
			);
			defaultConfigurationIsVisible = 0;
			defaultConfigurationName = Release;
		};
/* End XCConfigurationList section */
	};
	rootObject = 67AB02F3290AF17F008830D6 /* Project object */;
}
